
Microsoft Visual Studio Solution File, Format Version 12.00
# Visual Studio Version 16
VisualStudioVersion = 16.0.29201.188
MinimumVisualStudioVersion = 10.0.40219.1
Project("{FAE04EC0-301F-11D3-BF4B-00C04F79EFBC}") = "TypeExtensions", "TypeExtensions\TypeExtensions.csproj", "{6AFAE2DC-9310-405D-96DE-1FAA4C9FF570}"
EndProject
Global
	GlobalSection(SolutionConfigurationPlatforms) = preSolution
		Debug|Any CPU = Debug|Any CPU
		Release|Any CPU = Release|Any CPU
	EndGlobalSection
	GlobalSection(ProjectConfigurationPlatforms) = postSolution
		{6AFAE2DC-9310-405D-96DE-1FAA4C9FF570}.Debug|Any CPU.ActiveCfg = Debug|Any CPU
		{6AFAE2DC-9310-405D-96DE-1FAA4C9FF570}.Debug|Any CPU.Build.0 = Debug|Any CPU
		{6AFAE2DC-9310-405D-96DE-1FAA4C9FF570}.Release|Any CPU.ActiveCfg = Release|Any CPU
		{6AFAE2DC-9310-405D-96DE-1FAA4C9FF570}.Release|Any CPU.Build.0 = Release|Any CPU
	EndGlobalSection
	GlobalSection(SolutionProperties) = preSolution
		HideSolutionNode = FALSE
	EndGlobalSection
	GlobalSection(ExtensibilityGlobals) = postSolution
		SolutionGuid = {23881143-3FFC-4E27-8FD3-CE16AA20864F}
	EndGlobalSection
EndGlobal
